
Microsoft Visual Studio Solution File, Format Version 12.00
# Visual Studio Version 17
VisualStudioVersion = 17.5.33530.505
MinimumVisualStudioVersion = 10.0.40219.1
Project("{8BC9CEB8-8B4A-11D0-8D11-00A0C91BC942}") = "BOJ_15663", "BOJ_15663.vcxproj", "{1CA34ACE-2575-43D5-B208-E74E71F03B58}"
EndProject
Global
	GlobalSection(SolutionConfigurationPlatforms) = preSolution
		Debug|x64 = Debug|x64
		Release|x64 = Release|x64
	EndGlobalSection
	GlobalSection(ProjectConfigurationPlatforms) = postSolution
		{1CA34ACE-2575-43D5-B208-E74E71F03B58}.Debug|x64.ActiveCfg = Debug|x64
		{1CA34ACE-2575-43D5-B208-E74E71F03B58}.Debug|x64.Build.0 = Debug|x64
		{1CA34ACE-2575-43D5-B208-E74E71F03B58}.Release|x64.ActiveCfg = Release|x64
		{1CA34ACE-2575-43D5-B208-E74E71F03B58}.Release|x64.Build.0 = Release|x64
	EndGlobalSection
	GlobalSection(SolutionProperties) = preSolution
		HideSolutionNode = FALSE
	EndGlobalSection
	GlobalSection(ExtensibilityGlobals) = postSolution
		SolutionGuid = {0C24C49D-1443-4D05-BA88-A7BB576915C5}
	EndGlobalSection
EndGlobal
